
Microsoft Visual Studio Solution File, Format Version 12.00
# Visual Studio 15
VisualStudioVersion = 15.0.27703.2018
MinimumVisualStudioVersion = 10.0.40219.1
Project("{FAE04EC0-301F-11D3-BF4B-00C04F79EFBC}") = "Calculating cubes and that", "Calculating cubes and that\Calculating cubes and that.csproj", "{1F672F29-4B68-4486-81BE-9CC6AF448C1C}"
EndProject
Global
	GlobalSection(SolutionConfigurationPlatforms) = preSolution
		Debug|Any CPU = Debug|Any CPU
		Release|Any CPU = Release|Any CPU
	EndGlobalSection
	GlobalSection(ProjectConfigurationPlatforms) = postSolution
		{1F672F29-4B68-4486-81BE-9CC6AF448C1C}.Debug|Any CPU.ActiveCfg = Debug|Any CPU
		{1F672F29-4B68-4486-81BE-9CC6AF448C1C}.Debug|Any CPU.Build.0 = Debug|Any CPU
		{1F672F29-4B68-4486-81BE-9CC6AF448C1C}.Release|Any CPU.ActiveCfg = Release|Any CPU
		{1F672F29-4B68-4486-81BE-9CC6AF448C1C}.Release|Any CPU.Build.0 = Release|Any CPU
	EndGlobalSection
	GlobalSection(SolutionProperties) = preSolution
		HideSolutionNode = FALSE
	EndGlobalSection
	GlobalSection(ExtensibilityGlobals) = postSolution
		SolutionGuid = {BB520187-689F-433B-A0C0-A2A61D875ED5}
	EndGlobalSection
EndGlobal
